
Microsoft Visual Studio Solution File, Format Version 12.00
# Visual Studio Version 17
VisualStudioVersion = 17.3.32811.315
MinimumVisualStudioVersion = 10.0.40219.1
Project("{FAE04EC0-301F-11D3-BF4B-00C04F79EFBC}") = "ConsoleApp1", "ConsoleApp1\ConsoleApp1.csproj", "{DBA9243A-04B7-4879-B017-498E3CB6D01A}"
EndProject
Project("{FAE04EC0-301F-11D3-BF4B-00C04F79EFBC}") = "Logica", "Logica\Logica.csproj", "{42A76476-1100-4282-A2D3-F82FA6F6E3BB}"
EndProject
Project("{FAE04EC0-301F-11D3-BF4B-00C04F79EFBC}") = "Vista", "Vista\Vista.csproj", "{A28F4986-5D99-4274-B1E5-1DA7835CCEBD}"
EndProject
Global
	GlobalSection(SolutionConfigurationPlatforms) = preSolution
		Debug|Any CPU = Debug|Any CPU
		Release|Any CPU = Release|Any CPU
	EndGlobalSection
	GlobalSection(ProjectConfigurationPlatforms) = postSolution
		{DBA9243A-04B7-4879-B017-498E3CB6D01A}.Debug|Any CPU.ActiveCfg = Debug|Any CPU
		{DBA9243A-04B7-4879-B017-498E3CB6D01A}.Debug|Any CPU.Build.0 = Debug|Any CPU
		{DBA9243A-04B7-4879-B017-498E3CB6D01A}.Release|Any CPU.ActiveCfg = Release|Any CPU
		{DBA9243A-04B7-4879-B017-498E3CB6D01A}.Release|Any CPU.Build.0 = Release|Any CPU
		{42A76476-1100-4282-A2D3-F82FA6F6E3BB}.Debug|Any CPU.ActiveCfg = Debug|Any CPU
		{42A76476-1100-4282-A2D3-F82FA6F6E3BB}.Debug|Any CPU.Build.0 = Debug|Any CPU
		{42A76476-1100-4282-A2D3-F82FA6F6E3BB}.Release|Any CPU.ActiveCfg = Release|Any CPU
		{42A76476-1100-4282-A2D3-F82FA6F6E3BB}.Release|Any CPU.Build.0 = Release|Any CPU
		{A28F4986-5D99-4274-B1E5-1DA7835CCEBD}.Debug|Any CPU.ActiveCfg = Debug|Any CPU
		{A28F4986-5D99-4274-B1E5-1DA7835CCEBD}.Debug|Any CPU.Build.0 = Debug|Any CPU
		{A28F4986-5D99-4274-B1E5-1DA7835CCEBD}.Release|Any CPU.ActiveCfg = Release|Any CPU
		{A28F4986-5D99-4274-B1E5-1DA7835CCEBD}.Release|Any CPU.Build.0 = Release|Any CPU
	EndGlobalSection
	GlobalSection(SolutionProperties) = preSolution
		HideSolutionNode = FALSE
	EndGlobalSection
	GlobalSection(ExtensibilityGlobals) = postSolution
		SolutionGuid = {CF3A22C4-C965-4846-9471-E9F0BDE9CD79}
	EndGlobalSection
EndGlobal
